
Microsoft Visual Studio Solution File, Format Version 12.00
# Visual Studio Version 17
VisualStudioVersion = 17.11.35312.102
MinimumVisualStudioVersion = 10.0.40219.1
Project("{FAE04EC0-301F-11D3-BF4B-00C04F79EFBC}") = "diceGame", "diceGame\diceGame.csproj", "{90E6F7FF-5643-4909-85B1-6DADF8141594}"
EndProject
Global
	GlobalSection(SolutionConfigurationPlatforms) = preSolution
		Debug|Any CPU = Debug|Any CPU
		Release|Any CPU = Release|Any CPU
	EndGlobalSection
	GlobalSection(ProjectConfigurationPlatforms) = postSolution
		{90E6F7FF-5643-4909-85B1-6DADF8141594}.Debug|Any CPU.ActiveCfg = Debug|Any CPU
		{90E6F7FF-5643-4909-85B1-6DADF8141594}.Debug|Any CPU.Build.0 = Debug|Any CPU
		{90E6F7FF-5643-4909-85B1-6DADF8141594}.Release|Any CPU.ActiveCfg = Release|Any CPU
		{90E6F7FF-5643-4909-85B1-6DADF8141594}.Release|Any CPU.Build.0 = Release|Any CPU
	EndGlobalSection
	GlobalSection(SolutionProperties) = preSolution
		HideSolutionNode = FALSE
	EndGlobalSection
	GlobalSection(ExtensibilityGlobals) = postSolution
		SolutionGuid = {42D843AF-7E74-4722-A674-4BCB4C3D9181}
	EndGlobalSection
EndGlobal
